{
  "requires": true,
  "lockfileVersion": 1,
  "dependencies": {
    "mescroll-uni": {
      "version": "1.1.8",
      "resolved": "https://registry.npm.taobao.org/mescroll-uni/download/mescroll-uni-1.1.8.tgz",
      "integrity": "sha1-sP33KgkrFD2dod6osYawRkdkiSU="
    },
    "prettier": {
      "version": "1.12.1",
      "resolved": "http://registry.npm.taobao.org/prettier/download/prettier-1.12.1.tgz",
      "integrity": "sha1-wa0g6APndJ+vkFpAnSNn4Gu+cyU="
    }
  }
}
